
Microsoft Visual Studio Solution File, Format Version 12.00
# Visual Studio Version 17
VisualStudioVersion = 17.7.34202.233
MinimumVisualStudioVersion = 10.0.40219.1
Project("{FAE04EC0-301F-11D3-BF4B-00C04F79EFBC}") = "validation", "validation\validation.csproj", "{42E06C49-D3A5-4AAF-9A9A-3021FE466BA0}"
EndProject
Global
	GlobalSection(SolutionConfigurationPlatforms) = preSolution
		Debug|Any CPU = Debug|Any CPU
		Release|Any CPU = Release|Any CPU
	EndGlobalSection
	GlobalSection(ProjectConfigurationPlatforms) = postSolution
		{42E06C49-D3A5-4AAF-9A9A-3021FE466BA0}.Debug|Any CPU.ActiveCfg = Debug|Any CPU
		{42E06C49-D3A5-4AAF-9A9A-3021FE466BA0}.Debug|Any CPU.Build.0 = Debug|Any CPU
		{42E06C49-D3A5-4AAF-9A9A-3021FE466BA0}.Release|Any CPU.ActiveCfg = Release|Any CPU
		{42E06C49-D3A5-4AAF-9A9A-3021FE466BA0}.Release|Any CPU.Build.0 = Release|Any CPU
	EndGlobalSection
	GlobalSection(SolutionProperties) = preSolution
		HideSolutionNode = FALSE
	EndGlobalSection
	GlobalSection(ExtensibilityGlobals) = postSolution
		SolutionGuid = {3B96F83B-0836-4F46-8763-A1D445F5051C}
	EndGlobalSection
EndGlobal
